{
    "name": "@zitrusmix/installation",
    "version": "0.1.0",
    "lockfileVersion": 2,
    "requires": true,
    "packages": {
        "": {
            "name": "@zitrusmix/installation",
            "version": "0.1.0",
            "license": "Apache-2.0",
            "dependencies": {
                "zitrusmix": "^0.21.0"
            }
        },
        "node_modules/zitrusmix": {
            "version": "0.21.0",
            "resolved": "https://registry.npmjs.org/zitrusmix/-/zitrusmix-0.21.0.tgz",
            "integrity": "sha512-O0UzwfBRuK6QETKeaBsc+GMoaqEpJ1BfhRdy4VJ6Av3xyEQjtf5b70HSQwfHTf1omNtNCQdey/zYoXPZDBH/DQ=="
        }
    },
    "dependencies": {
        "zitrusmix": {
            "version": "0.21.0",
            "resolved": "https://registry.npmjs.org/zitrusmix/-/zitrusmix-0.21.0.tgz",
            "integrity": "sha512-O0UzwfBRuK6QETKeaBsc+GMoaqEpJ1BfhRdy4VJ6Av3xyEQjtf5b70HSQwfHTf1omNtNCQdey/zYoXPZDBH/DQ=="
        }
    }
}
